
Microsoft Visual Studio Solution File, Format Version 12.00
# Visual Studio 15
VisualStudioVersion = 15.0.28307.2092
MinimumVisualStudioVersion = 10.0.40219.1
Project("{8BC9CEB8-8B4A-11D0-8D11-00A0C91BC942}") = "mutiples", "mutiples\mutiples.vcxproj", "{447DC3A5-0A7A-4230-A1F3-5A2BB976BAD1}"
EndProject
Global
	GlobalSection(SolutionConfigurationPlatforms) = preSolution
		Debug|x64 = Debug|x64
		Debug|x86 = Debug|x86
		Release|x64 = Release|x64
		Release|x86 = Release|x86
	EndGlobalSection
	GlobalSection(ProjectConfigurationPlatforms) = postSolution
		{447DC3A5-0A7A-4230-A1F3-5A2BB976BAD1}.Debug|x64.ActiveCfg = Debug|x64
		{447DC3A5-0A7A-4230-A1F3-5A2BB976BAD1}.Debug|x64.Build.0 = Debug|x64
		{447DC3A5-0A7A-4230-A1F3-5A2BB976BAD1}.Debug|x86.ActiveCfg = Debug|Win32
		{447DC3A5-0A7A-4230-A1F3-5A2BB976BAD1}.Debug|x86.Build.0 = Debug|Win32
		{447DC3A5-0A7A-4230-A1F3-5A2BB976BAD1}.Release|x64.ActiveCfg = Release|x64
		{447DC3A5-0A7A-4230-A1F3-5A2BB976BAD1}.Release|x64.Build.0 = Release|x64
		{447DC3A5-0A7A-4230-A1F3-5A2BB976BAD1}.Release|x86.ActiveCfg = Release|Win32
		{447DC3A5-0A7A-4230-A1F3-5A2BB976BAD1}.Release|x86.Build.0 = Release|Win32
	EndGlobalSection
	GlobalSection(SolutionProperties) = preSolution
		HideSolutionNode = FALSE
	EndGlobalSection
	GlobalSection(ExtensibilityGlobals) = postSolution
		SolutionGuid = {A5B65624-2E13-4E6D-99D8-E3231E9441E3}
	EndGlobalSection
EndGlobal
